
Microsoft Visual Studio Solution File, Format Version 12.00
# Visual Studio Version 17
VisualStudioVersion = 17.7.33913.275
MinimumVisualStudioVersion = 10.0.40219.1
Project("{9A19103F-16F7-4668-BE54-9A1E7A4F7556}") = "ChainOfResponsibility.Main", "ChainOfResponsibility\ChainOfResponsibility.Main.csproj", "{76E7C14D-06B2-4A69-A6C2-5DA1D192F7A8}"
EndProject
Project("{2150E333-8FDC-42A3-9474-1A3956D46DE8}") = "src", "src", "{9ED17607-0F2F-4D7A-BB3D-79170303515B}"
EndProject
Project("{2150E333-8FDC-42A3-9474-1A3956D46DE8}") = "tests", "tests", "{B9D1B4C1-D418-4352-A7D1-56BC5E991D8E}"
EndProject
Project("{9A19103F-16F7-4668-BE54-9A1E7A4F7556}") = "ChainOfResponsibility.Tests", "ChainOfResponsibility.Tests\ChainOfResponsibility.Tests.csproj", "{EFBA7E30-42F1-47FE-8C62-F35E12393CE9}"
EndProject
Project("{9A19103F-16F7-4668-BE54-9A1E7A4F7556}") = "ChainOfResponsibility._Intro", "ChainOfResponsibility._Intro\ChainOfResponsibility._Intro.csproj", "{91B298D2-D070-4C7F-9967-AF84156EFE0B}"
EndProject
Project("{9A19103F-16F7-4668-BE54-9A1E7A4F7556}") = "ChainOfResponsibility.Composite", "ChainOfResponsibility.Composite\ChainOfResponsibility.Composite.csproj", "{2347BCAE-3F07-4D95-A4DC-129DA67795A1}"
EndProject
Project("{9A19103F-16F7-4668-BE54-9A1E7A4F7556}") = "ChainOfResponsibility.OrderObject", "ChainOfResponsibility.OrderObject\ChainOfResponsibility.OrderObject.csproj", "{387B8AB6-CCEB-4113-A6D3-22FD53572989}"
EndProject
Project("{9A19103F-16F7-4668-BE54-9A1E7A4F7556}") = "ChainOfResponsibility.Multihandler", "ChainOfResponsibility.Multihandler\ChainOfResponsibility.Multihandler.csproj", "{CC12FB43-7C37-4F60-9ECB-E5658B8D1D6D}"
EndProject
Project("{9A19103F-16F7-4668-BE54-9A1E7A4F7556}") = "ChainOfResponsibility.Multihandler.Tests", "ChainOfResponsibility.Multihandler.Tests\ChainOfResponsibility.Multihandler.Tests.csproj", "{91091F6F-3761-485F-89EC-21FACD3D32DF}"
EndProject
Project("{9A19103F-16F7-4668-BE54-9A1E7A4F7556}") = "ChainOfResponsibility.Tree", "ChainOfResponsibility.Tree\ChainOfResponsibility.Tree.csproj", "{61A185C4-35C3-4EF8-9FC4-5D112119528F}"
EndProject
Project("{9A19103F-16F7-4668-BE54-9A1E7A4F7556}") = "ChainOfResponsibility.Tree.Tests", "ChainOfResponsibility.Tree.Tests\ChainOfResponsibility.Tree.Tests.csproj", "{947D53D5-BEA1-412B-AC32-77D6F5A5584D}"
EndProject
Project("{9A19103F-16F7-4668-BE54-9A1E7A4F7556}") = "State._Intro", "State._Intro\State._Intro.csproj", "{4E0CF1FC-C82F-42E7-9F8D-4D0810ED8A9C}"
EndProject
Project("{9A19103F-16F7-4668-BE54-9A1E7A4F7556}") = "State._Intro.Tests", "State._Intro.Tests\State._Intro.Tests.csproj", "{07268909-D06B-49D4-9A6A-A428C63C47EE}"
EndProject
Project("{9A19103F-16F7-4668-BE54-9A1E7A4F7556}") = "State.Main", "State.Main\State.Main.csproj", "{5C3D8306-7ED3-4794-9984-93A2E1182B41}"
EndProject
Project("{9A19103F-16F7-4668-BE54-9A1E7A4F7556}") = "State.PreMain", "State.PreMain\State.PreMain.csproj", "{612275B6-C77C-4267-B37C-A6454380EFDB}"
EndProject
Project("{9A19103F-16F7-4668-BE54-9A1E7A4F7556}") = "State.Decentralized", "State.Decentralized\State.Decentralized.csproj", "{B544A098-D6A5-4B9E-91E2-62A52741E035}"
EndProject
Project("{9A19103F-16F7-4668-BE54-9A1E7A4F7556}") = "Composite.AccountabilityKnowledge", "Composite.AccountabilityKnowledge\Composite.AccountabilityKnowledge.csproj", "{2D7833B5-2968-4AB4-B9D9-68034DCDDAAF}"
EndProject
Project("{9A19103F-16F7-4668-BE54-9A1E7A4F7556}") = "Composite.AccountabilityKnowledge.Tests", "Composite.AccountabilityKnowledge.Tests\Composite.AccountabilityKnowledge.Tests.csproj", "{83F6CCAC-55FE-47D5-8541-72B1609303B1}"
EndProject
Project("{9A19103F-16F7-4668-BE54-9A1E7A4F7556}") = "Composite.AccountabilityKnowledge.Refactored", "Composite.AccountabilityKnowledge.Refactored\Composite.AccountabilityKnowledge.Refactored.csproj", "{D8641AC3-93EA-40D8-878E-3768526B7F0E}"
EndProject
Project("{9A19103F-16F7-4668-BE54-9A1E7A4F7556}") = "Composite.AccountabilityKnowledge.Refactored.Tests", "Composite.AccountabilityKnowledge.Refactored.Tests\Composite.AccountabilityKnowledge.Refactored.Tests.csproj", "{3CF76A89-B9AF-4D50-9F5D-51A60B3F5A2E}"
EndProject
Project("{9A19103F-16F7-4668-BE54-9A1E7A4F7556}") = "State.PreMain.Tests", "State.PreMain.Tests\State.PreMain.Tests.csproj", "{080DC97A-E0A3-4CFE-A427-50187FD4E542}"
EndProject
Project("{9A19103F-16F7-4668-BE54-9A1E7A4F7556}") = "RoleObject", "RoleObject\RoleObject.csproj", "{1AF44AF1-B723-46F1-B733-6FFB8AB51210}"
EndProject
Project("{9A19103F-16F7-4668-BE54-9A1E7A4F7556}") = "Specification.Main", "Specification.Main\Specification.Main.csproj", "{179C1A29-B5D9-4B0A-A754-FA9BAE2C5DEA}"
EndProject
Project("{9A19103F-16F7-4668-BE54-9A1E7A4F7556}") = "Builder.Main", "Builder.Main\Builder.Main.csproj", "{F64F4748-FEFE-41E3-B1C3-6180E3904EBF}"
EndProject
Project("{9A19103F-16F7-4668-BE54-9A1E7A4F7556}") = "Decorator.BCL", "Decorator.BCL\Decorator.BCL.csproj", "{4F7D918D-5A33-427E-8DA9-60A794FC59E6}"
EndProject
Project("{2150E333-8FDC-42A3-9474-1A3956D46DE8}") = "experiments", "experiments", "{C78BB992-047D-426A-9B5D-8AF62CB1CF42}"
EndProject
Project("{9A19103F-16F7-4668-BE54-9A1E7A4F7556}") = "Visitor.Main", "Visitor.Main\Visitor.Main.csproj", "{B69F0B46-0D77-4223-9E30-281ED467EDBD}"
EndProject
Project("{9A19103F-16F7-4668-BE54-9A1E7A4F7556}") = "Visitor.Main.Tests", "Visitor.Main.Tests\Visitor.Main.Tests.csproj", "{AF9C0919-C60D-4240-8D10-ACCD75BD6C9D}"
EndProject
Project("{9A19103F-16F7-4668-BE54-9A1E7A4F7556}") = "Visitor.SourceGenerators", "Visitor.SourceGenerators\Visitor.SourceGenerators.csproj", "{1133E51A-78B4-40DA-B683-84E7F25D19D0}"
EndProject
Project("{9A19103F-16F7-4668-BE54-9A1E7A4F7556}") = "NullObject.Main", "NullObject.Main\NullObject.Main.csproj", "{C48EF93A-1FE5-493B-9F37-1394FA4A038A}"
EndProject
Project("{9A19103F-16F7-4668-BE54-9A1E7A4F7556}") = "Strategy.Main", "Strategy.Main\Strategy.Main.csproj", "{D806E717-9A0D-444F-9F3E-63C3A90FDBBC}"
EndProject
Project("{9A19103F-16F7-4668-BE54-9A1E7A4F7556}") = "Adapter.Console", "Adapter.Console\Adapter.Console.csproj", "{3618D78B-3539-4486-8691-2BC9E5013FDA}"
EndProject
Project("{9A19103F-16F7-4668-BE54-9A1E7A4F7556}") = "Proxy.Console", "Proxy.Console\Proxy.Console.csproj", "{0F9AEDF9-D1A6-4550-9909-F28A39DE7796}"
EndProject
Project("{9A19103F-16F7-4668-BE54-9A1E7A4F7556}") = "Decorator.Main", "Decorator.Main\Decorator.Main.csproj", "{1A635D16-D5BC-4661-9E05-16A0A4DE1AB0}"
EndProject
Project("{9A19103F-16F7-4668-BE54-9A1E7A4F7556}") = "Decorator.Main.Tests", "Decorator.Main.Tests\Decorator.Main.Tests.csproj", "{C4FA4619-389C-441D-8B0E-D7628C95121A}"
EndProject
Project("{9A19103F-16F7-4668-BE54-9A1E7A4F7556}") = "Decorator.Console", "Decorator.Console\Decorator.Console.csproj", "{084FD763-1717-42A0-A372-3C434E875A60}"
EndProject
Project("{9A19103F-16F7-4668-BE54-9A1E7A4F7556}") = "Reports.Main.Bridge", "Bridge.Main\Reports.Main.Bridge.csproj", "{3A533CCF-275A-45D3-B50E-1B3210D8A4E4}"
EndProject
Project("{9A19103F-16F7-4668-BE54-9A1E7A4F7556}") = "Reports.Console", "Reports.Console\Reports.Console.csproj", "{A5334350-70B9-4364-81C1-FDFA6F138F38}"
EndProject
Project("{9A19103F-16F7-4668-BE54-9A1E7A4F7556}") = "Reports.Console.Bridge", "Bridge.Console.Main\Reports.Console.Bridge.csproj", "{2FE29AF9-84C8-4D89-AD95-EB4A1FA1811D}"
EndProject
Project("{9A19103F-16F7-4668-BE54-9A1E7A4F7556}") = "Reports.Main.Bridge.Tests", "Bridge.Main.Tests\Reports.Main.Bridge.Tests.csproj", "{0F07B88A-F832-469C-A512-5970ABA111F2}"
EndProject
Project("{9A19103F-16F7-4668-BE54-9A1E7A4F7556}") = "ChainOfResponsibility._Intro.Tests", "ChainOfResponsibility._Intro.Tests\ChainOfResponsibility._Intro.Tests.csproj", "{9823DE6A-6AC9-46FF-A801-5BEEF7E87FC7}"
EndProject
Project("{9A19103F-16F7-4668-BE54-9A1E7A4F7556}") = "Composite.Main", "Composite.Main\Composite.Main.csproj", "{D6F433E0-DDE8-4E82-BE58-ED596D7C36C0}"
EndProject
Project("{9A19103F-16F7-4668-BE54-9A1E7A4F7556}") = "ChainOfResponsibility.OrderObject.Tests", "ChainOfResponsibility.OrderObject.Tests\ChainOfResponsibility.OrderObject.Tests.csproj", "{942F56A6-BB14-41A8-A564-AFAE231909F3}"
EndProject
Project("{9A19103F-16F7-4668-BE54-9A1E7A4F7556}") = "Composite.Main.Tests", "Composite.Main.Tests\Composite.Main.Tests.csproj", "{BB2F3290-914F-42EF-9EA0-955B3DE483B8}"
EndProject
Project("{FAE04EC0-301F-11D3-BF4B-00C04F79EFBC}") = "WebApplication1", "WebApplication1\WebApplication1.csproj", "{1C4C2460-6D92-4F8A-879D-26D50E6C2D1F}"
EndProject
Project("{FAE04EC0-301F-11D3-BF4B-00C04F79EFBC}") = "Reports.Main.Bridge.V2", "Reports.Main.Bridge.V2\Reports.Main.Bridge.V2.csproj", "{73E24998-8659-4C7B-9AB8-C6B207FC7B58}"
EndProject
Project("{FAE04EC0-301F-11D3-BF4B-00C04F79EFBC}") = "Reports.Main.Strategy", "Reports.Main.Strategy\Reports.Main.Strategy.csproj", "{20DFF378-1D0E-4AD9-8FD2-A2247B984DAA}"
EndProject
Project("{FAE04EC0-301F-11D3-BF4B-00C04F79EFBC}") = "Reports.Console.Strategy", "Reports.Console.Strategy\Reports.Console.Strategy.csproj", "{6F953FAB-A8AB-4AA0-9FAD-4A2B851BC27D}"
EndProject
Project("{FAE04EC0-301F-11D3-BF4B-00C04F79EFBC}") = "Reports.Main.Strategy.Tests", "Reports.Main.Strategy.Tests\Reports.Main.Strategy.Tests.csproj", "{886F7346-8C89-48F5-916E-57C56BE50D70}"
EndProject
Global
	GlobalSection(SolutionConfigurationPlatforms) = preSolution
		Debug|Any CPU = Debug|Any CPU
		Release|Any CPU = Release|Any CPU
	EndGlobalSection
	GlobalSection(ProjectConfigurationPlatforms) = postSolution
		{76E7C14D-06B2-4A69-A6C2-5DA1D192F7A8}.Debug|Any CPU.ActiveCfg = Debug|Any CPU
		{76E7C14D-06B2-4A69-A6C2-5DA1D192F7A8}.Debug|Any CPU.Build.0 = Debug|Any CPU
		{76E7C14D-06B2-4A69-A6C2-5DA1D192F7A8}.Release|Any CPU.ActiveCfg = Release|Any CPU
		{76E7C14D-06B2-4A69-A6C2-5DA1D192F7A8}.Release|Any CPU.Build.0 = Release|Any CPU
		{EFBA7E30-42F1-47FE-8C62-F35E12393CE9}.Debug|Any CPU.ActiveCfg = Debug|Any CPU
		{EFBA7E30-42F1-47FE-8C62-F35E12393CE9}.Debug|Any CPU.Build.0 = Debug|Any CPU
		{EFBA7E30-42F1-47FE-8C62-F35E12393CE9}.Release|Any CPU.ActiveCfg = Release|Any CPU
		{EFBA7E30-42F1-47FE-8C62-F35E12393CE9}.Release|Any CPU.Build.0 = Release|Any CPU
		{91B298D2-D070-4C7F-9967-AF84156EFE0B}.Debug|Any CPU.ActiveCfg = Debug|Any CPU
		{91B298D2-D070-4C7F-9967-AF84156EFE0B}.Debug|Any CPU.Build.0 = Debug|Any CPU
		{91B298D2-D070-4C7F-9967-AF84156EFE0B}.Release|Any CPU.ActiveCfg = Release|Any CPU
		{91B298D2-D070-4C7F-9967-AF84156EFE0B}.Release|Any CPU.Build.0 = Release|Any CPU
		{2347BCAE-3F07-4D95-A4DC-129DA67795A1}.Debug|Any CPU.ActiveCfg = Debug|Any CPU
		{2347BCAE-3F07-4D95-A4DC-129DA67795A1}.Debug|Any CPU.Build.0 = Debug|Any CPU
		{2347BCAE-3F07-4D95-A4DC-129DA67795A1}.Release|Any CPU.ActiveCfg = Release|Any CPU
		{2347BCAE-3F07-4D95-A4DC-129DA67795A1}.Release|Any CPU.Build.0 = Release|Any CPU
		{387B8AB6-CCEB-4113-A6D3-22FD53572989}.Debug|Any CPU.ActiveCfg = Debug|Any CPU
		{387B8AB6-CCEB-4113-A6D3-22FD53572989}.Debug|Any CPU.Build.0 = Debug|Any CPU
		{387B8AB6-CCEB-4113-A6D3-22FD53572989}.Release|Any CPU.ActiveCfg = Release|Any CPU
		{387B8AB6-CCEB-4113-A6D3-22FD53572989}.Release|Any CPU.Build.0 = Release|Any CPU
		{CC12FB43-7C37-4F60-9ECB-E5658B8D1D6D}.Debug|Any CPU.ActiveCfg = Debug|Any CPU
		{CC12FB43-7C37-4F60-9ECB-E5658B8D1D6D}.Debug|Any CPU.Build.0 = Debug|Any CPU
		{CC12FB43-7C37-4F60-9ECB-E5658B8D1D6D}.Release|Any CPU.ActiveCfg = Release|Any CPU
		{CC12FB43-7C37-4F60-9ECB-E5658B8D1D6D}.Release|Any CPU.Build.0 = Release|Any CPU
		{91091F6F-3761-485F-89EC-21FACD3D32DF}.Debug|Any CPU.ActiveCfg = Debug|Any CPU
		{91091F6F-3761-485F-89EC-21FACD3D32DF}.Debug|Any CPU.Build.0 = Debug|Any CPU
		{91091F6F-3761-485F-89EC-21FACD3D32DF}.Release|Any CPU.ActiveCfg = Release|Any CPU
		{91091F6F-3761-485F-89EC-21FACD3D32DF}.Release|Any CPU.Build.0 = Release|Any CPU
		{61A185C4-35C3-4EF8-9FC4-5D112119528F}.Debug|Any CPU.ActiveCfg = Debug|Any CPU
		{61A185C4-35C3-4EF8-9FC4-5D112119528F}.Debug|Any CPU.Build.0 = Debug|Any CPU
		{61A185C4-35C3-4EF8-9FC4-5D112119528F}.Release|Any CPU.ActiveCfg = Release|Any CPU
		{61A185C4-35C3-4EF8-9FC4-5D112119528F}.Release|Any CPU.Build.0 = Release|Any CPU
		{947D53D5-BEA1-412B-AC32-77D6F5A5584D}.Debug|Any CPU.ActiveCfg = Debug|Any CPU
		{947D53D5-BEA1-412B-AC32-77D6F5A5584D}.Debug|Any CPU.Build.0 = Debug|Any CPU
		{947D53D5-BEA1-412B-AC32-77D6F5A5584D}.Release|Any CPU.ActiveCfg = Release|Any CPU
		{947D53D5-BEA1-412B-AC32-77D6F5A5584D}.Release|Any CPU.Build.0 = Release|Any CPU
		{4E0CF1FC-C82F-42E7-9F8D-4D0810ED8A9C}.Debug|Any CPU.ActiveCfg = Debug|Any CPU
		{4E0CF1FC-C82F-42E7-9F8D-4D0810ED8A9C}.Debug|Any CPU.Build.0 = Debug|Any CPU
		{4E0CF1FC-C82F-42E7-9F8D-4D0810ED8A9C}.Release|Any CPU.ActiveCfg = Release|Any CPU
		{4E0CF1FC-C82F-42E7-9F8D-4D0810ED8A9C}.Release|Any CPU.Build.0 = Release|Any CPU
		{07268909-D06B-49D4-9A6A-A428C63C47EE}.Debug|Any CPU.ActiveCfg = Debug|Any CPU
		{07268909-D06B-49D4-9A6A-A428C63C47EE}.Debug|Any CPU.Build.0 = Debug|Any CPU
		{07268909-D06B-49D4-9A6A-A428C63C47EE}.Release|Any CPU.ActiveCfg = Release|Any CPU
		{07268909-D06B-49D4-9A6A-A428C63C47EE}.Release|Any CPU.Build.0 = Release|Any CPU
		{5C3D8306-7ED3-4794-9984-93A2E1182B41}.Debug|Any CPU.ActiveCfg = Debug|Any CPU
		{5C3D8306-7ED3-4794-9984-93A2E1182B41}.Debug|Any CPU.Build.0 = Debug|Any CPU
		{5C3D8306-7ED3-4794-9984-93A2E1182B41}.Release|Any CPU.ActiveCfg = Release|Any CPU
		{5C3D8306-7ED3-4794-9984-93A2E1182B41}.Release|Any CPU.Build.0 = Release|Any CPU
		{612275B6-C77C-4267-B37C-A6454380EFDB}.Debug|Any CPU.ActiveCfg = Debug|Any CPU
		{612275B6-C77C-4267-B37C-A6454380EFDB}.Debug|Any CPU.Build.0 = Debug|Any CPU
		{612275B6-C77C-4267-B37C-A6454380EFDB}.Release|Any CPU.ActiveCfg = Release|Any CPU
		{612275B6-C77C-4267-B37C-A6454380EFDB}.Release|Any CPU.Build.0 = Release|Any CPU
		{B544A098-D6A5-4B9E-91E2-62A52741E035}.Debug|Any CPU.ActiveCfg = Debug|Any CPU
		{B544A098-D6A5-4B9E-91E2-62A52741E035}.Debug|Any CPU.Build.0 = Debug|Any CPU
		{B544A098-D6A5-4B9E-91E2-62A52741E035}.Release|Any CPU.ActiveCfg = Release|Any CPU
		{B544A098-D6A5-4B9E-91E2-62A52741E035}.Release|Any CPU.Build.0 = Release|Any CPU
		{2D7833B5-2968-4AB4-B9D9-68034DCDDAAF}.Debug|Any CPU.ActiveCfg = Debug|Any CPU
		{2D7833B5-2968-4AB4-B9D9-68034DCDDAAF}.Debug|Any CPU.Build.0 = Debug|Any CPU
		{2D7833B5-2968-4AB4-B9D9-68034DCDDAAF}.Release|Any CPU.ActiveCfg = Release|Any CPU
		{2D7833B5-2968-4AB4-B9D9-68034DCDDAAF}.Release|Any CPU.Build.0 = Release|Any CPU
		{83F6CCAC-55FE-47D5-8541-72B1609303B1}.Debug|Any CPU.ActiveCfg = Debug|Any CPU
		{83F6CCAC-55FE-47D5-8541-72B1609303B1}.Debug|Any CPU.Build.0 = Debug|Any CPU
		{83F6CCAC-55FE-47D5-8541-72B1609303B1}.Release|Any CPU.ActiveCfg = Release|Any CPU
		{83F6CCAC-55FE-47D5-8541-72B1609303B1}.Release|Any CPU.Build.0 = Release|Any CPU
		{D8641AC3-93EA-40D8-878E-3768526B7F0E}.Debug|Any CPU.ActiveCfg = Debug|Any CPU
		{D8641AC3-93EA-40D8-878E-3768526B7F0E}.Debug|Any CPU.Build.0 = Debug|Any CPU
		{D8641AC3-93EA-40D8-878E-3768526B7F0E}.Release|Any CPU.ActiveCfg = Release|Any CPU
		{D8641AC3-93EA-40D8-878E-3768526B7F0E}.Release|Any CPU.Build.0 = Release|Any CPU
		{3CF76A89-B9AF-4D50-9F5D-51A60B3F5A2E}.Debug|Any CPU.ActiveCfg = Debug|Any CPU
		{3CF76A89-B9AF-4D50-9F5D-51A60B3F5A2E}.Debug|Any CPU.Build.0 = Debug|Any CPU
		{3CF76A89-B9AF-4D50-9F5D-51A60B3F5A2E}.Release|Any CPU.ActiveCfg = Release|Any CPU
		{3CF76A89-B9AF-4D50-9F5D-51A60B3F5A2E}.Release|Any CPU.Build.0 = Release|Any CPU
		{080DC97A-E0A3-4CFE-A427-50187FD4E542}.Debug|Any CPU.ActiveCfg = Debug|Any CPU
		{080DC97A-E0A3-4CFE-A427-50187FD4E542}.Debug|Any CPU.Build.0 = Debug|Any CPU
		{080DC97A-E0A3-4CFE-A427-50187FD4E542}.Release|Any CPU.ActiveCfg = Release|Any CPU
		{080DC97A-E0A3-4CFE-A427-50187FD4E542}.Release|Any CPU.Build.0 = Release|Any CPU
		{1AF44AF1-B723-46F1-B733-6FFB8AB51210}.Debug|Any CPU.ActiveCfg = Debug|Any CPU
		{1AF44AF1-B723-46F1-B733-6FFB8AB51210}.Debug|Any CPU.Build.0 = Debug|Any CPU
		{1AF44AF1-B723-46F1-B733-6FFB8AB51210}.Release|Any CPU.ActiveCfg = Release|Any CPU
		{1AF44AF1-B723-46F1-B733-6FFB8AB51210}.Release|Any CPU.Build.0 = Release|Any CPU
		{179C1A29-B5D9-4B0A-A754-FA9BAE2C5DEA}.Debug|Any CPU.ActiveCfg = Debug|Any CPU
		{179C1A29-B5D9-4B0A-A754-FA9BAE2C5DEA}.Debug|Any CPU.Build.0 = Debug|Any CPU
		{179C1A29-B5D9-4B0A-A754-FA9BAE2C5DEA}.Release|Any CPU.ActiveCfg = Release|Any CPU
		{179C1A29-B5D9-4B0A-A754-FA9BAE2C5DEA}.Release|Any CPU.Build.0 = Release|Any CPU
		{F64F4748-FEFE-41E3-B1C3-6180E3904EBF}.Debug|Any CPU.ActiveCfg = Debug|Any CPU
		{F64F4748-FEFE-41E3-B1C3-6180E3904EBF}.Debug|Any CPU.Build.0 = Debug|Any CPU
		{F64F4748-FEFE-41E3-B1C3-6180E3904EBF}.Release|Any CPU.ActiveCfg = Release|Any CPU
		{F64F4748-FEFE-41E3-B1C3-6180E3904EBF}.Release|Any CPU.Build.0 = Release|Any CPU
		{4F7D918D-5A33-427E-8DA9-60A794FC59E6}.Debug|Any CPU.ActiveCfg = Debug|Any CPU
		{4F7D918D-5A33-427E-8DA9-60A794FC59E6}.Debug|Any CPU.Build.0 = Debug|Any CPU
		{4F7D918D-5A33-427E-8DA9-60A794FC59E6}.Release|Any CPU.ActiveCfg = Release|Any CPU
		{4F7D918D-5A33-427E-8DA9-60A794FC59E6}.Release|Any CPU.Build.0 = Release|Any CPU
		{B69F0B46-0D77-4223-9E30-281ED467EDBD}.Debug|Any CPU.ActiveCfg = Debug|Any CPU
		{B69F0B46-0D77-4223-9E30-281ED467EDBD}.Debug|Any CPU.Build.0 = Debug|Any CPU
		{B69F0B46-0D77-4223-9E30-281ED467EDBD}.Release|Any CPU.ActiveCfg = Release|Any CPU
		{B69F0B46-0D77-4223-9E30-281ED467EDBD}.Release|Any CPU.Build.0 = Release|Any CPU
		{AF9C0919-C60D-4240-8D10-ACCD75BD6C9D}.Debug|Any CPU.ActiveCfg = Debug|Any CPU
		{AF9C0919-C60D-4240-8D10-ACCD75BD6C9D}.Debug|Any CPU.Build.0 = Debug|Any CPU
		{AF9C0919-C60D-4240-8D10-ACCD75BD6C9D}.Release|Any CPU.ActiveCfg = Release|Any CPU
		{AF9C0919-C60D-4240-8D10-ACCD75BD6C9D}.Release|Any CPU.Build.0 = Release|Any CPU
		{1133E51A-78B4-40DA-B683-84E7F25D19D0}.Debug|Any CPU.ActiveCfg = Debug|Any CPU
		{1133E51A-78B4-40DA-B683-84E7F25D19D0}.Debug|Any CPU.Build.0 = Debug|Any CPU
		{1133E51A-78B4-40DA-B683-84E7F25D19D0}.Release|Any CPU.ActiveCfg = Release|Any CPU
		{1133E51A-78B4-40DA-B683-84E7F25D19D0}.Release|Any CPU.Build.0 = Release|Any CPU
		{C48EF93A-1FE5-493B-9F37-1394FA4A038A}.Debug|Any CPU.ActiveCfg = Debug|Any CPU
		{C48EF93A-1FE5-493B-9F37-1394FA4A038A}.Debug|Any CPU.Build.0 = Debug|Any CPU
		{C48EF93A-1FE5-493B-9F37-1394FA4A038A}.Release|Any CPU.ActiveCfg = Release|Any CPU
		{C48EF93A-1FE5-493B-9F37-1394FA4A038A}.Release|Any CPU.Build.0 = Release|Any CPU
		{D806E717-9A0D-444F-9F3E-63C3A90FDBBC}.Debug|Any CPU.ActiveCfg = Debug|Any CPU
		{D806E717-9A0D-444F-9F3E-63C3A90FDBBC}.Debug|Any CPU.Build.0 = Debug|Any CPU
		{D806E717-9A0D-444F-9F3E-63C3A90FDBBC}.Release|Any CPU.ActiveCfg = Release|Any CPU
		{D806E717-9A0D-444F-9F3E-63C3A90FDBBC}.Release|Any CPU.Build.0 = Release|Any CPU
		{3618D78B-3539-4486-8691-2BC9E5013FDA}.Debug|Any CPU.ActiveCfg = Debug|Any CPU
		{3618D78B-3539-4486-8691-2BC9E5013FDA}.Debug|Any CPU.Build.0 = Debug|Any CPU
		{3618D78B-3539-4486-8691-2BC9E5013FDA}.Release|Any CPU.ActiveCfg = Release|Any CPU
		{3618D78B-3539-4486-8691-2BC9E5013FDA}.Release|Any CPU.Build.0 = Release|Any CPU
		{0F9AEDF9-D1A6-4550-9909-F28A39DE7796}.Debug|Any CPU.ActiveCfg = Debug|Any CPU
		{0F9AEDF9-D1A6-4550-9909-F28A39DE7796}.Debug|Any CPU.Build.0 = Debug|Any CPU
		{0F9AEDF9-D1A6-4550-9909-F28A39DE7796}.Release|Any CPU.ActiveCfg = Release|Any CPU
		{0F9AEDF9-D1A6-4550-9909-F28A39DE7796}.Release|Any CPU.Build.0 = Release|Any CPU
		{1A635D16-D5BC-4661-9E05-16A0A4DE1AB0}.Debug|Any CPU.ActiveCfg = Debug|Any CPU
		{1A635D16-D5BC-4661-9E05-16A0A4DE1AB0}.Debug|Any CPU.Build.0 = Debug|Any CPU
		{1A635D16-D5BC-4661-9E05-16A0A4DE1AB0}.Release|Any CPU.ActiveCfg = Release|Any CPU
		{1A635D16-D5BC-4661-9E05-16A0A4DE1AB0}.Release|Any CPU.Build.0 = Release|Any CPU
		{C4FA4619-389C-441D-8B0E-D7628C95121A}.Debug|Any CPU.ActiveCfg = Debug|Any CPU
		{C4FA4619-389C-441D-8B0E-D7628C95121A}.Debug|Any CPU.Build.0 = Debug|Any CPU
		{C4FA4619-389C-441D-8B0E-D7628C95121A}.Release|Any CPU.ActiveCfg = Release|Any CPU
		{C4FA4619-389C-441D-8B0E-D7628C95121A}.Release|Any CPU.Build.0 = Release|Any CPU
		{084FD763-1717-42A0-A372-3C434E875A60}.Debug|Any CPU.ActiveCfg = Debug|Any CPU
		{084FD763-1717-42A0-A372-3C434E875A60}.Debug|Any CPU.Build.0 = Debug|Any CPU
		{084FD763-1717-42A0-A372-3C434E875A60}.Release|Any CPU.ActiveCfg = Release|Any CPU
		{084FD763-1717-42A0-A372-3C434E875A60}.Release|Any CPU.Build.0 = Release|Any CPU
		{3A533CCF-275A-45D3-B50E-1B3210D8A4E4}.Debug|Any CPU.ActiveCfg = Debug|Any CPU
		{3A533CCF-275A-45D3-B50E-1B3210D8A4E4}.Debug|Any CPU.Build.0 = Debug|Any CPU
		{3A533CCF-275A-45D3-B50E-1B3210D8A4E4}.Release|Any CPU.ActiveCfg = Release|Any CPU
		{3A533CCF-275A-45D3-B50E-1B3210D8A4E4}.Release|Any CPU.Build.0 = Release|Any CPU
		{A5334350-70B9-4364-81C1-FDFA6F138F38}.Debug|Any CPU.ActiveCfg = Debug|Any CPU
		{A5334350-70B9-4364-81C1-FDFA6F138F38}.Debug|Any CPU.Build.0 = Debug|Any CPU
		{A5334350-70B9-4364-81C1-FDFA6F138F38}.Release|Any CPU.ActiveCfg = Release|Any CPU
		{A5334350-70B9-4364-81C1-FDFA6F138F38}.Release|Any CPU.Build.0 = Release|Any CPU
		{2FE29AF9-84C8-4D89-AD95-EB4A1FA1811D}.Debug|Any CPU.ActiveCfg = Debug|Any CPU
		{2FE29AF9-84C8-4D89-AD95-EB4A1FA1811D}.Debug|Any CPU.Build.0 = Debug|Any CPU
		{2FE29AF9-84C8-4D89-AD95-EB4A1FA1811D}.Release|Any CPU.ActiveCfg = Release|Any CPU
		{2FE29AF9-84C8-4D89-AD95-EB4A1FA1811D}.Release|Any CPU.Build.0 = Release|Any CPU
		{0F07B88A-F832-469C-A512-5970ABA111F2}.Debug|Any CPU.ActiveCfg = Debug|Any CPU
		{0F07B88A-F832-469C-A512-5970ABA111F2}.Debug|Any CPU.Build.0 = Debug|Any CPU
		{0F07B88A-F832-469C-A512-5970ABA111F2}.Release|Any CPU.ActiveCfg = Release|Any CPU
		{0F07B88A-F832-469C-A512-5970ABA111F2}.Release|Any CPU.Build.0 = Release|Any CPU
		{9823DE6A-6AC9-46FF-A801-5BEEF7E87FC7}.Debug|Any CPU.ActiveCfg = Debug|Any CPU
		{9823DE6A-6AC9-46FF-A801-5BEEF7E87FC7}.Debug|Any CPU.Build.0 = Debug|Any CPU
		{9823DE6A-6AC9-46FF-A801-5BEEF7E87FC7}.Release|Any CPU.ActiveCfg = Release|Any CPU
		{9823DE6A-6AC9-46FF-A801-5BEEF7E87FC7}.Release|Any CPU.Build.0 = Release|Any CPU
		{D6F433E0-DDE8-4E82-BE58-ED596D7C36C0}.Debug|Any CPU.ActiveCfg = Debug|Any CPU
		{D6F433E0-DDE8-4E82-BE58-ED596D7C36C0}.Debug|Any CPU.Build.0 = Debug|Any CPU
		{D6F433E0-DDE8-4E82-BE58-ED596D7C36C0}.Release|Any CPU.ActiveCfg = Release|Any CPU
		{D6F433E0-DDE8-4E82-BE58-ED596D7C36C0}.Release|Any CPU.Build.0 = Release|Any CPU
		{942F56A6-BB14-41A8-A564-AFAE231909F3}.Debug|Any CPU.ActiveCfg = Debug|Any CPU
		{942F56A6-BB14-41A8-A564-AFAE231909F3}.Debug|Any CPU.Build.0 = Debug|Any CPU
		{942F56A6-BB14-41A8-A564-AFAE231909F3}.Release|Any CPU.ActiveCfg = Release|Any CPU
		{942F56A6-BB14-41A8-A564-AFAE231909F3}.Release|Any CPU.Build.0 = Release|Any CPU
		{BB2F3290-914F-42EF-9EA0-955B3DE483B8}.Debug|Any CPU.ActiveCfg = Debug|Any CPU
		{BB2F3290-914F-42EF-9EA0-955B3DE483B8}.Debug|Any CPU.Build.0 = Debug|Any CPU
		{BB2F3290-914F-42EF-9EA0-955B3DE483B8}.Release|Any CPU.ActiveCfg = Release|Any CPU
		{BB2F3290-914F-42EF-9EA0-955B3DE483B8}.Release|Any CPU.Build.0 = Release|Any CPU
		{1C4C2460-6D92-4F8A-879D-26D50E6C2D1F}.Debug|Any CPU.ActiveCfg = Debug|Any CPU
		{1C4C2460-6D92-4F8A-879D-26D50E6C2D1F}.Debug|Any CPU.Build.0 = Debug|Any CPU
		{1C4C2460-6D92-4F8A-879D-26D50E6C2D1F}.Release|Any CPU.ActiveCfg = Release|Any CPU
		{1C4C2460-6D92-4F8A-879D-26D50E6C2D1F}.Release|Any CPU.Build.0 = Release|Any CPU
		{73E24998-8659-4C7B-9AB8-C6B207FC7B58}.Debug|Any CPU.ActiveCfg = Debug|Any CPU
		{73E24998-8659-4C7B-9AB8-C6B207FC7B58}.Debug|Any CPU.Build.0 = Debug|Any CPU
		{73E24998-8659-4C7B-9AB8-C6B207FC7B58}.Release|Any CPU.ActiveCfg = Release|Any CPU
		{73E24998-8659-4C7B-9AB8-C6B207FC7B58}.Release|Any CPU.Build.0 = Release|Any CPU
		{20DFF378-1D0E-4AD9-8FD2-A2247B984DAA}.Debug|Any CPU.ActiveCfg = Debug|Any CPU
		{20DFF378-1D0E-4AD9-8FD2-A2247B984DAA}.Debug|Any CPU.Build.0 = Debug|Any CPU
		{20DFF378-1D0E-4AD9-8FD2-A2247B984DAA}.Release|Any CPU.ActiveCfg = Release|Any CPU
		{20DFF378-1D0E-4AD9-8FD2-A2247B984DAA}.Release|Any CPU.Build.0 = Release|Any CPU
		{6F953FAB-A8AB-4AA0-9FAD-4A2B851BC27D}.Debug|Any CPU.ActiveCfg = Debug|Any CPU
		{6F953FAB-A8AB-4AA0-9FAD-4A2B851BC27D}.Debug|Any CPU.Build.0 = Debug|Any CPU
		{6F953FAB-A8AB-4AA0-9FAD-4A2B851BC27D}.Release|Any CPU.ActiveCfg = Release|Any CPU
		{6F953FAB-A8AB-4AA0-9FAD-4A2B851BC27D}.Release|Any CPU.Build.0 = Release|Any CPU
		{886F7346-8C89-48F5-916E-57C56BE50D70}.Debug|Any CPU.ActiveCfg = Debug|Any CPU
		{886F7346-8C89-48F5-916E-57C56BE50D70}.Debug|Any CPU.Build.0 = Debug|Any CPU
		{886F7346-8C89-48F5-916E-57C56BE50D70}.Release|Any CPU.ActiveCfg = Release|Any CPU
		{886F7346-8C89-48F5-916E-57C56BE50D70}.Release|Any CPU.Build.0 = Release|Any CPU
	EndGlobalSection
	GlobalSection(SolutionProperties) = preSolution
		HideSolutionNode = FALSE
	EndGlobalSection
	GlobalSection(NestedProjects) = preSolution
		{76E7C14D-06B2-4A69-A6C2-5DA1D192F7A8} = {9ED17607-0F2F-4D7A-BB3D-79170303515B}
		{EFBA7E30-42F1-47FE-8C62-F35E12393CE9} = {B9D1B4C1-D418-4352-A7D1-56BC5E991D8E}
		{91B298D2-D070-4C7F-9967-AF84156EFE0B} = {9ED17607-0F2F-4D7A-BB3D-79170303515B}
		{2347BCAE-3F07-4D95-A4DC-129DA67795A1} = {9ED17607-0F2F-4D7A-BB3D-79170303515B}
		{387B8AB6-CCEB-4113-A6D3-22FD53572989} = {9ED17607-0F2F-4D7A-BB3D-79170303515B}
		{CC12FB43-7C37-4F60-9ECB-E5658B8D1D6D} = {9ED17607-0F2F-4D7A-BB3D-79170303515B}
		{91091F6F-3761-485F-89EC-21FACD3D32DF} = {B9D1B4C1-D418-4352-A7D1-56BC5E991D8E}
		{61A185C4-35C3-4EF8-9FC4-5D112119528F} = {9ED17607-0F2F-4D7A-BB3D-79170303515B}
		{947D53D5-BEA1-412B-AC32-77D6F5A5584D} = {B9D1B4C1-D418-4352-A7D1-56BC5E991D8E}
		{4E0CF1FC-C82F-42E7-9F8D-4D0810ED8A9C} = {9ED17607-0F2F-4D7A-BB3D-79170303515B}
		{07268909-D06B-49D4-9A6A-A428C63C47EE} = {B9D1B4C1-D418-4352-A7D1-56BC5E991D8E}
		{5C3D8306-7ED3-4794-9984-93A2E1182B41} = {9ED17607-0F2F-4D7A-BB3D-79170303515B}
		{612275B6-C77C-4267-B37C-A6454380EFDB} = {9ED17607-0F2F-4D7A-BB3D-79170303515B}
		{B544A098-D6A5-4B9E-91E2-62A52741E035} = {9ED17607-0F2F-4D7A-BB3D-79170303515B}
		{2D7833B5-2968-4AB4-B9D9-68034DCDDAAF} = {9ED17607-0F2F-4D7A-BB3D-79170303515B}
		{83F6CCAC-55FE-47D5-8541-72B1609303B1} = {B9D1B4C1-D418-4352-A7D1-56BC5E991D8E}
		{D8641AC3-93EA-40D8-878E-3768526B7F0E} = {9ED17607-0F2F-4D7A-BB3D-79170303515B}
		{3CF76A89-B9AF-4D50-9F5D-51A60B3F5A2E} = {B9D1B4C1-D418-4352-A7D1-56BC5E991D8E}
		{080DC97A-E0A3-4CFE-A427-50187FD4E542} = {B9D1B4C1-D418-4352-A7D1-56BC5E991D8E}
		{1AF44AF1-B723-46F1-B733-6FFB8AB51210} = {9ED17607-0F2F-4D7A-BB3D-79170303515B}
		{179C1A29-B5D9-4B0A-A754-FA9BAE2C5DEA} = {9ED17607-0F2F-4D7A-BB3D-79170303515B}
		{F64F4748-FEFE-41E3-B1C3-6180E3904EBF} = {9ED17607-0F2F-4D7A-BB3D-79170303515B}
		{4F7D918D-5A33-427E-8DA9-60A794FC59E6} = {C78BB992-047D-426A-9B5D-8AF62CB1CF42}
		{B69F0B46-0D77-4223-9E30-281ED467EDBD} = {9ED17607-0F2F-4D7A-BB3D-79170303515B}
		{AF9C0919-C60D-4240-8D10-ACCD75BD6C9D} = {B9D1B4C1-D418-4352-A7D1-56BC5E991D8E}
		{1133E51A-78B4-40DA-B683-84E7F25D19D0} = {9ED17607-0F2F-4D7A-BB3D-79170303515B}
		{C48EF93A-1FE5-493B-9F37-1394FA4A038A} = {9ED17607-0F2F-4D7A-BB3D-79170303515B}
		{D806E717-9A0D-444F-9F3E-63C3A90FDBBC} = {9ED17607-0F2F-4D7A-BB3D-79170303515B}
		{3618D78B-3539-4486-8691-2BC9E5013FDA} = {C78BB992-047D-426A-9B5D-8AF62CB1CF42}
		{0F9AEDF9-D1A6-4550-9909-F28A39DE7796} = {C78BB992-047D-426A-9B5D-8AF62CB1CF42}
		{1A635D16-D5BC-4661-9E05-16A0A4DE1AB0} = {9ED17607-0F2F-4D7A-BB3D-79170303515B}
		{C4FA4619-389C-441D-8B0E-D7628C95121A} = {B9D1B4C1-D418-4352-A7D1-56BC5E991D8E}
		{084FD763-1717-42A0-A372-3C434E875A60} = {C78BB992-047D-426A-9B5D-8AF62CB1CF42}
		{3A533CCF-275A-45D3-B50E-1B3210D8A4E4} = {9ED17607-0F2F-4D7A-BB3D-79170303515B}
		{A5334350-70B9-4364-81C1-FDFA6F138F38} = {C78BB992-047D-426A-9B5D-8AF62CB1CF42}
		{2FE29AF9-84C8-4D89-AD95-EB4A1FA1811D} = {C78BB992-047D-426A-9B5D-8AF62CB1CF42}
		{0F07B88A-F832-469C-A512-5970ABA111F2} = {B9D1B4C1-D418-4352-A7D1-56BC5E991D8E}
		{9823DE6A-6AC9-46FF-A801-5BEEF7E87FC7} = {B9D1B4C1-D418-4352-A7D1-56BC5E991D8E}
		{D6F433E0-DDE8-4E82-BE58-ED596D7C36C0} = {9ED17607-0F2F-4D7A-BB3D-79170303515B}
		{942F56A6-BB14-41A8-A564-AFAE231909F3} = {B9D1B4C1-D418-4352-A7D1-56BC5E991D8E}
		{BB2F3290-914F-42EF-9EA0-955B3DE483B8} = {B9D1B4C1-D418-4352-A7D1-56BC5E991D8E}
		{1C4C2460-6D92-4F8A-879D-26D50E6C2D1F} = {C78BB992-047D-426A-9B5D-8AF62CB1CF42}
		{73E24998-8659-4C7B-9AB8-C6B207FC7B58} = {9ED17607-0F2F-4D7A-BB3D-79170303515B}
		{20DFF378-1D0E-4AD9-8FD2-A2247B984DAA} = {9ED17607-0F2F-4D7A-BB3D-79170303515B}
		{6F953FAB-A8AB-4AA0-9FAD-4A2B851BC27D} = {C78BB992-047D-426A-9B5D-8AF62CB1CF42}
		{886F7346-8C89-48F5-916E-57C56BE50D70} = {B9D1B4C1-D418-4352-A7D1-56BC5E991D8E}
	EndGlobalSection
	GlobalSection(ExtensibilityGlobals) = postSolution
		SolutionGuid = {494F5E9F-F9B2-45C6-A27E-65BE0C0B4D58}
	EndGlobalSection
EndGlobal
