
Microsoft Visual Studio Solution File, Format Version 12.00
# Visual Studio Version 17
VisualStudioVersion = 17.8.34004.107
MinimumVisualStudioVersion = 10.0.40219.1
Project("{9A19103F-16F7-4668-BE54-9A1E7A4F7556}") = "Publishing.API", "src\Publishing\Publishing.API\Publishing.API.csproj", "{38531040-C181-4F0D-923F-F78620E788D3}"
EndProject
Project("{9A19103F-16F7-4668-BE54-9A1E7A4F7556}") = "Sales.Api", "src\Sales\Sales.API\Sales.Api.csproj", "{F87FC261-BC02-44C4-8268-13B0A35A9BB9}"
EndProject
Project("{2150E333-8FDC-42A3-9474-1A3956D46DE8}") = "Sales", "Sales", "{49B604EF-F146-4EF7-B2B6-258954A65124}"
EndProject
Project("{9A19103F-16F7-4668-BE54-9A1E7A4F7556}") = "Cart.Application", "src\Sales\ShoppingCart\Cart.Application\Cart.Application.csproj", "{B775907F-47A5-4FA1-93B3-C889D1335F8C}"
EndProject
Project("{9A19103F-16F7-4668-BE54-9A1E7A4F7556}") = "Cart.Domain", "src\Sales\ShoppingCart\Cart.Domain\Cart.Domain.csproj", "{128FAEA7-87C5-4BB2-B961-21AA076A1B9F}"
EndProject
Project("{9A19103F-16F7-4668-BE54-9A1E7A4F7556}") = "Cart.Domain.Tests", "src\Sales\ShoppingCart\Cart.Domain.Tests\Cart.Domain.Tests.csproj", "{3489E5F1-C62F-475A-B2D8-CC36F774A342}"
EndProject
Project("{9A19103F-16F7-4668-BE54-9A1E7A4F7556}") = "Cart.Infrastructure", "src\Sales\ShoppingCart\Cart.Infrastructure\Cart.Infrastructure.csproj", "{2B2EF5EF-81F4-4B0D-936A-B65A07E962C9}"
EndProject
Project("{9A19103F-16F7-4668-BE54-9A1E7A4F7556}") = "Cart.Shared", "src\Sales\ShoppingCart\Cart.Shared\Cart.Shared.csproj", "{C5DB27D5-FDE2-49A1-B5C8-F849C423873D}"
EndProject
Project("{2150E333-8FDC-42A3-9474-1A3956D46DE8}") = "Publishing", "Publishing", "{83E50162-10D8-4088-84CF-78467F57CF9E}"
EndProject
Project("{2150E333-8FDC-42A3-9474-1A3956D46DE8}") = "src", "src", "{8649A0E9-7924-4855-9943-640838A15578}"
EndProject
Project("{2150E333-8FDC-42A3-9474-1A3956D46DE8}") = "docs", "docs", "{B217A7C4-3F5A-4360-9247-49267825C2FE}"
EndProject
Project("{2150E333-8FDC-42A3-9474-1A3956D46DE8}") = "_Playground", "_Playground", "{99CD6074-3299-4E08-9BFF-A775DAC77DF1}"
EndProject
Project("{2150E333-8FDC-42A3-9474-1A3956D46DE8}") = "_Scenarios", "_Scenarios", "{E40DD4EF-099A-48C8-A5FA-56F5F80B1F29}"
	ProjectSection(SolutionItems) = preProject
		ShoppingChart.http = ShoppingChart.http
	EndProjectSection
EndProject
Project("{E53339B2-1760-4266-BCC7-CA923CBCF16C}") = "docker-compose", "docker-compose.dcproj", "{502A8768-6F16-4705-96CA-5515394119F3}"
EndProject
Project("{9A19103F-16F7-4668-BE54-9A1E7A4F7556}") = "Cart.Application.Tests", "src\Sales\ShoppingCart\Cart.Application.Tests\Cart.Application.Tests.csproj", "{101C435B-9F5E-4D8E-9DFD-32A0263A3504}"
EndProject
Project("{2150E333-8FDC-42A3-9474-1A3956D46DE8}") = "ShoppingCart", "ShoppingCart", "{287C1478-0966-4A9F-9372-EEF3EAFEDF3A}"
EndProject
Project("{2150E333-8FDC-42A3-9474-1A3956D46DE8}") = "Shared", "Shared", "{32FE503B-ABA9-4504-B3A0-6CEC5F76E1E8}"
EndProject
Project("{9A19103F-16F7-4668-BE54-9A1E7A4F7556}") = "Sales.Shared", "src\Sales\Shared\Sales.Shared\Sales.Shared.csproj", "{62287C1A-7326-43DF-A352-7DDC8585F528}"
EndProject
Project("{2150E333-8FDC-42A3-9474-1A3956D46DE8}") = "BookWriting", "BookWriting", "{53387FD1-9CCD-4EF9-AB16-324FA2F004FD}"
EndProject
Project("{9A19103F-16F7-4668-BE54-9A1E7A4F7556}") = "BookWriting.Domain", "src\Publishing\BookWriting\BookWriting.Domain\BookWriting.Domain.csproj", "{7B509EA5-D368-435C-97A5-E536E8B79453}"
EndProject
Project("{9A19103F-16F7-4668-BE54-9A1E7A4F7556}") = "Playground", "src\_Playground\Playground\Playground.csproj", "{4348AE1A-B7D7-4156-B9C4-657B826A5F35}"
EndProject
Project("{9A19103F-16F7-4668-BE54-9A1E7A4F7556}") = "BookWriting.Domain.Tests", "src\Publishing\BookWriting\BookWriting.Domain.Tests\BookWriting.Domain.Tests.csproj", "{E3FCB1BF-9D68-4700-A7A4-3EB82047E8F0}"
EndProject
Project("{2150E333-8FDC-42A3-9474-1A3956D46DE8}") = "_Shared", "_Shared", "{960A8C41-B6D4-4D05-BED8-123FACACBEC5}"
EndProject
Project("{9A19103F-16F7-4668-BE54-9A1E7A4F7556}") = "Visitor.SourceGenerators", "src\_Shared\Visitor.SourceGenerators\Visitor.SourceGenerators.csproj", "{B8E43FB4-8C43-4373-A11A-7E494B8B8750}"
EndProject
Project("{2150E333-8FDC-42A3-9474-1A3956D46DE8}") = "Orders", "Orders", "{6F1355DA-A6C4-43F8-B504-D496A29352DF}"
EndProject
Project("{9A19103F-16F7-4668-BE54-9A1E7A4F7556}") = "Orders.Application", "src\Sales\Orders\Orders.Application\Orders.Application.csproj", "{97DCFF64-6CA6-402D-ADCC-38769BCA17DE}"
EndProject
Project("{9A19103F-16F7-4668-BE54-9A1E7A4F7556}") = "Orders.Domain", "src\Sales\Orders\Orders.Domain\Orders.Domain.csproj", "{99EB6C42-8159-45CB-98B2-1E7A1C325E21}"
EndProject
Project("{9A19103F-16F7-4668-BE54-9A1E7A4F7556}") = "Orders.Application.Tests", "src\Sales\Orders\Orders.Application.Tests\Orders.Application.Tests.csproj", "{12DCFE9D-C0C0-4D50-AC25-33715521F79C}"
EndProject
Project("{9A19103F-16F7-4668-BE54-9A1E7A4F7556}") = "Orders.Domain.Tests", "src\Sales\Orders\Orders.Domain.Tests\Orders.Domain.Tests.csproj", "{128C9458-4037-45EE-B179-110A882AABDD}"
EndProject
Project("{FAE04EC0-301F-11D3-BF4B-00C04F79EFBC}") = "Sales.Api.Tests", "src\Sales\Sales.Api.Tests\Sales.Api.Tests.csproj", "{87FE25F8-02FB-4931-BD53-0D41B594D884}"
EndProject
Global
	GlobalSection(SolutionConfigurationPlatforms) = preSolution
		Debug|Any CPU = Debug|Any CPU
		Release|Any CPU = Release|Any CPU
	EndGlobalSection
	GlobalSection(ProjectConfigurationPlatforms) = postSolution
		{38531040-C181-4F0D-923F-F78620E788D3}.Debug|Any CPU.ActiveCfg = Debug|Any CPU
		{38531040-C181-4F0D-923F-F78620E788D3}.Debug|Any CPU.Build.0 = Debug|Any CPU
		{38531040-C181-4F0D-923F-F78620E788D3}.Release|Any CPU.ActiveCfg = Release|Any CPU
		{38531040-C181-4F0D-923F-F78620E788D3}.Release|Any CPU.Build.0 = Release|Any CPU
		{F87FC261-BC02-44C4-8268-13B0A35A9BB9}.Debug|Any CPU.ActiveCfg = Debug|Any CPU
		{F87FC261-BC02-44C4-8268-13B0A35A9BB9}.Debug|Any CPU.Build.0 = Debug|Any CPU
		{F87FC261-BC02-44C4-8268-13B0A35A9BB9}.Release|Any CPU.ActiveCfg = Release|Any CPU
		{F87FC261-BC02-44C4-8268-13B0A35A9BB9}.Release|Any CPU.Build.0 = Release|Any CPU
		{B775907F-47A5-4FA1-93B3-C889D1335F8C}.Debug|Any CPU.ActiveCfg = Debug|Any CPU
		{B775907F-47A5-4FA1-93B3-C889D1335F8C}.Debug|Any CPU.Build.0 = Debug|Any CPU
		{B775907F-47A5-4FA1-93B3-C889D1335F8C}.Release|Any CPU.ActiveCfg = Release|Any CPU
		{B775907F-47A5-4FA1-93B3-C889D1335F8C}.Release|Any CPU.Build.0 = Release|Any CPU
		{128FAEA7-87C5-4BB2-B961-21AA076A1B9F}.Debug|Any CPU.ActiveCfg = Debug|Any CPU
		{128FAEA7-87C5-4BB2-B961-21AA076A1B9F}.Debug|Any CPU.Build.0 = Debug|Any CPU
		{128FAEA7-87C5-4BB2-B961-21AA076A1B9F}.Release|Any CPU.ActiveCfg = Release|Any CPU
		{128FAEA7-87C5-4BB2-B961-21AA076A1B9F}.Release|Any CPU.Build.0 = Release|Any CPU
		{3489E5F1-C62F-475A-B2D8-CC36F774A342}.Debug|Any CPU.ActiveCfg = Debug|Any CPU
		{3489E5F1-C62F-475A-B2D8-CC36F774A342}.Debug|Any CPU.Build.0 = Debug|Any CPU
		{3489E5F1-C62F-475A-B2D8-CC36F774A342}.Release|Any CPU.ActiveCfg = Release|Any CPU
		{3489E5F1-C62F-475A-B2D8-CC36F774A342}.Release|Any CPU.Build.0 = Release|Any CPU
		{2B2EF5EF-81F4-4B0D-936A-B65A07E962C9}.Debug|Any CPU.ActiveCfg = Debug|Any CPU
		{2B2EF5EF-81F4-4B0D-936A-B65A07E962C9}.Debug|Any CPU.Build.0 = Debug|Any CPU
		{2B2EF5EF-81F4-4B0D-936A-B65A07E962C9}.Release|Any CPU.ActiveCfg = Release|Any CPU
		{2B2EF5EF-81F4-4B0D-936A-B65A07E962C9}.Release|Any CPU.Build.0 = Release|Any CPU
		{C5DB27D5-FDE2-49A1-B5C8-F849C423873D}.Debug|Any CPU.ActiveCfg = Debug|Any CPU
		{C5DB27D5-FDE2-49A1-B5C8-F849C423873D}.Debug|Any CPU.Build.0 = Debug|Any CPU
		{C5DB27D5-FDE2-49A1-B5C8-F849C423873D}.Release|Any CPU.ActiveCfg = Release|Any CPU
		{C5DB27D5-FDE2-49A1-B5C8-F849C423873D}.Release|Any CPU.Build.0 = Release|Any CPU
		{502A8768-6F16-4705-96CA-5515394119F3}.Debug|Any CPU.ActiveCfg = Debug|Any CPU
		{502A8768-6F16-4705-96CA-5515394119F3}.Debug|Any CPU.Build.0 = Debug|Any CPU
		{502A8768-6F16-4705-96CA-5515394119F3}.Release|Any CPU.ActiveCfg = Release|Any CPU
		{502A8768-6F16-4705-96CA-5515394119F3}.Release|Any CPU.Build.0 = Release|Any CPU
		{101C435B-9F5E-4D8E-9DFD-32A0263A3504}.Debug|Any CPU.ActiveCfg = Debug|Any CPU
		{101C435B-9F5E-4D8E-9DFD-32A0263A3504}.Debug|Any CPU.Build.0 = Debug|Any CPU
		{101C435B-9F5E-4D8E-9DFD-32A0263A3504}.Release|Any CPU.ActiveCfg = Release|Any CPU
		{101C435B-9F5E-4D8E-9DFD-32A0263A3504}.Release|Any CPU.Build.0 = Release|Any CPU
		{62287C1A-7326-43DF-A352-7DDC8585F528}.Debug|Any CPU.ActiveCfg = Debug|Any CPU
		{62287C1A-7326-43DF-A352-7DDC8585F528}.Debug|Any CPU.Build.0 = Debug|Any CPU
		{62287C1A-7326-43DF-A352-7DDC8585F528}.Release|Any CPU.ActiveCfg = Release|Any CPU
		{62287C1A-7326-43DF-A352-7DDC8585F528}.Release|Any CPU.Build.0 = Release|Any CPU
		{7B509EA5-D368-435C-97A5-E536E8B79453}.Debug|Any CPU.ActiveCfg = Debug|Any CPU
		{7B509EA5-D368-435C-97A5-E536E8B79453}.Debug|Any CPU.Build.0 = Debug|Any CPU
		{7B509EA5-D368-435C-97A5-E536E8B79453}.Release|Any CPU.ActiveCfg = Release|Any CPU
		{7B509EA5-D368-435C-97A5-E536E8B79453}.Release|Any CPU.Build.0 = Release|Any CPU
		{4348AE1A-B7D7-4156-B9C4-657B826A5F35}.Debug|Any CPU.ActiveCfg = Debug|Any CPU
		{4348AE1A-B7D7-4156-B9C4-657B826A5F35}.Debug|Any CPU.Build.0 = Debug|Any CPU
		{4348AE1A-B7D7-4156-B9C4-657B826A5F35}.Release|Any CPU.ActiveCfg = Release|Any CPU
		{4348AE1A-B7D7-4156-B9C4-657B826A5F35}.Release|Any CPU.Build.0 = Release|Any CPU
		{E3FCB1BF-9D68-4700-A7A4-3EB82047E8F0}.Debug|Any CPU.ActiveCfg = Debug|Any CPU
		{E3FCB1BF-9D68-4700-A7A4-3EB82047E8F0}.Debug|Any CPU.Build.0 = Debug|Any CPU
		{E3FCB1BF-9D68-4700-A7A4-3EB82047E8F0}.Release|Any CPU.ActiveCfg = Release|Any CPU
		{E3FCB1BF-9D68-4700-A7A4-3EB82047E8F0}.Release|Any CPU.Build.0 = Release|Any CPU
		{B8E43FB4-8C43-4373-A11A-7E494B8B8750}.Debug|Any CPU.ActiveCfg = Debug|Any CPU
		{B8E43FB4-8C43-4373-A11A-7E494B8B8750}.Debug|Any CPU.Build.0 = Debug|Any CPU
		{B8E43FB4-8C43-4373-A11A-7E494B8B8750}.Release|Any CPU.ActiveCfg = Release|Any CPU
		{B8E43FB4-8C43-4373-A11A-7E494B8B8750}.Release|Any CPU.Build.0 = Release|Any CPU
		{97DCFF64-6CA6-402D-ADCC-38769BCA17DE}.Debug|Any CPU.ActiveCfg = Debug|Any CPU
		{97DCFF64-6CA6-402D-ADCC-38769BCA17DE}.Debug|Any CPU.Build.0 = Debug|Any CPU
		{97DCFF64-6CA6-402D-ADCC-38769BCA17DE}.Release|Any CPU.ActiveCfg = Release|Any CPU
		{97DCFF64-6CA6-402D-ADCC-38769BCA17DE}.Release|Any CPU.Build.0 = Release|Any CPU
		{99EB6C42-8159-45CB-98B2-1E7A1C325E21}.Debug|Any CPU.ActiveCfg = Debug|Any CPU
		{99EB6C42-8159-45CB-98B2-1E7A1C325E21}.Debug|Any CPU.Build.0 = Debug|Any CPU
		{99EB6C42-8159-45CB-98B2-1E7A1C325E21}.Release|Any CPU.ActiveCfg = Release|Any CPU
		{99EB6C42-8159-45CB-98B2-1E7A1C325E21}.Release|Any CPU.Build.0 = Release|Any CPU
		{12DCFE9D-C0C0-4D50-AC25-33715521F79C}.Debug|Any CPU.ActiveCfg = Debug|Any CPU
		{12DCFE9D-C0C0-4D50-AC25-33715521F79C}.Debug|Any CPU.Build.0 = Debug|Any CPU
		{12DCFE9D-C0C0-4D50-AC25-33715521F79C}.Release|Any CPU.ActiveCfg = Release|Any CPU
		{12DCFE9D-C0C0-4D50-AC25-33715521F79C}.Release|Any CPU.Build.0 = Release|Any CPU
		{128C9458-4037-45EE-B179-110A882AABDD}.Debug|Any CPU.ActiveCfg = Debug|Any CPU
		{128C9458-4037-45EE-B179-110A882AABDD}.Debug|Any CPU.Build.0 = Debug|Any CPU
		{128C9458-4037-45EE-B179-110A882AABDD}.Release|Any CPU.ActiveCfg = Release|Any CPU
		{128C9458-4037-45EE-B179-110A882AABDD}.Release|Any CPU.Build.0 = Release|Any CPU
		{87FE25F8-02FB-4931-BD53-0D41B594D884}.Debug|Any CPU.ActiveCfg = Debug|Any CPU
		{87FE25F8-02FB-4931-BD53-0D41B594D884}.Debug|Any CPU.Build.0 = Debug|Any CPU
		{87FE25F8-02FB-4931-BD53-0D41B594D884}.Release|Any CPU.ActiveCfg = Release|Any CPU
		{87FE25F8-02FB-4931-BD53-0D41B594D884}.Release|Any CPU.Build.0 = Release|Any CPU
	EndGlobalSection
	GlobalSection(SolutionProperties) = preSolution
		HideSolutionNode = FALSE
	EndGlobalSection
	GlobalSection(NestedProjects) = preSolution
		{38531040-C181-4F0D-923F-F78620E788D3} = {83E50162-10D8-4088-84CF-78467F57CF9E}
		{F87FC261-BC02-44C4-8268-13B0A35A9BB9} = {49B604EF-F146-4EF7-B2B6-258954A65124}
		{49B604EF-F146-4EF7-B2B6-258954A65124} = {8649A0E9-7924-4855-9943-640838A15578}
		{B775907F-47A5-4FA1-93B3-C889D1335F8C} = {287C1478-0966-4A9F-9372-EEF3EAFEDF3A}
		{128FAEA7-87C5-4BB2-B961-21AA076A1B9F} = {287C1478-0966-4A9F-9372-EEF3EAFEDF3A}
		{3489E5F1-C62F-475A-B2D8-CC36F774A342} = {287C1478-0966-4A9F-9372-EEF3EAFEDF3A}
		{2B2EF5EF-81F4-4B0D-936A-B65A07E962C9} = {287C1478-0966-4A9F-9372-EEF3EAFEDF3A}
		{C5DB27D5-FDE2-49A1-B5C8-F849C423873D} = {287C1478-0966-4A9F-9372-EEF3EAFEDF3A}
		{83E50162-10D8-4088-84CF-78467F57CF9E} = {8649A0E9-7924-4855-9943-640838A15578}
		{99CD6074-3299-4E08-9BFF-A775DAC77DF1} = {8649A0E9-7924-4855-9943-640838A15578}
		{E40DD4EF-099A-48C8-A5FA-56F5F80B1F29} = {49B604EF-F146-4EF7-B2B6-258954A65124}
		{101C435B-9F5E-4D8E-9DFD-32A0263A3504} = {287C1478-0966-4A9F-9372-EEF3EAFEDF3A}
		{287C1478-0966-4A9F-9372-EEF3EAFEDF3A} = {49B604EF-F146-4EF7-B2B6-258954A65124}
		{32FE503B-ABA9-4504-B3A0-6CEC5F76E1E8} = {49B604EF-F146-4EF7-B2B6-258954A65124}
		{62287C1A-7326-43DF-A352-7DDC8585F528} = {32FE503B-ABA9-4504-B3A0-6CEC5F76E1E8}
		{53387FD1-9CCD-4EF9-AB16-324FA2F004FD} = {83E50162-10D8-4088-84CF-78467F57CF9E}
		{7B509EA5-D368-435C-97A5-E536E8B79453} = {53387FD1-9CCD-4EF9-AB16-324FA2F004FD}
		{4348AE1A-B7D7-4156-B9C4-657B826A5F35} = {99CD6074-3299-4E08-9BFF-A775DAC77DF1}
		{E3FCB1BF-9D68-4700-A7A4-3EB82047E8F0} = {53387FD1-9CCD-4EF9-AB16-324FA2F004FD}
		{960A8C41-B6D4-4D05-BED8-123FACACBEC5} = {8649A0E9-7924-4855-9943-640838A15578}
		{B8E43FB4-8C43-4373-A11A-7E494B8B8750} = {960A8C41-B6D4-4D05-BED8-123FACACBEC5}
		{6F1355DA-A6C4-43F8-B504-D496A29352DF} = {49B604EF-F146-4EF7-B2B6-258954A65124}
		{97DCFF64-6CA6-402D-ADCC-38769BCA17DE} = {6F1355DA-A6C4-43F8-B504-D496A29352DF}
		{99EB6C42-8159-45CB-98B2-1E7A1C325E21} = {6F1355DA-A6C4-43F8-B504-D496A29352DF}
		{12DCFE9D-C0C0-4D50-AC25-33715521F79C} = {6F1355DA-A6C4-43F8-B504-D496A29352DF}
		{128C9458-4037-45EE-B179-110A882AABDD} = {6F1355DA-A6C4-43F8-B504-D496A29352DF}
		{87FE25F8-02FB-4931-BD53-0D41B594D884} = {49B604EF-F146-4EF7-B2B6-258954A65124}
	EndGlobalSection
	GlobalSection(ExtensibilityGlobals) = postSolution
		SolutionGuid = {F697BAA6-8875-4217-A996-C763FD74B7E8}
	EndGlobalSection
EndGlobal
